
Microsoft Visual Studio Solution File, Format Version 12.00
# Visual Studio Version 17
VisualStudioVersion = 17.0.31808.319
MinimumVisualStudioVersion = 10.0.40219.1
Project("{2150E333-8FDC-42A3-9474-1A3956D46DE8}") = "Services", "Services", "{7B63567E-CB62-4AA9-9B1A-E98410120F1C}"
EndProject
Project("{2150E333-8FDC-42A3-9474-1A3956D46DE8}") = "Catalog", "Catalog", "{124DB104-ACCB-4727-9733-18FFCE570F45}"
	ProjectSection(SolutionItems) = preProject
		Notlar.txt = Notlar.txt
	EndProjectSection
EndProject
Project("{9A19103F-16F7-4668-BE54-9A1E7A4F7556}") = "FreeCourse.Services.Catalog", "Services\Catalog\FreeCourse.Services.Catalog\FreeCourse.Services.Catalog.csproj", "{B40F9541-D661-42BF-99E0-3EDD0522D978}"
EndProject
Project("{2150E333-8FDC-42A3-9474-1A3956D46DE8}") = "Solution Items", "Solution Items", "{05E74E44-9420-4442-B3E0-C120B63B72E2}"
	ProjectSection(SolutionItems) = preProject
		Ports.txt = Ports.txt
		Şifreler.txt = Şifreler.txt
	EndProjectSection
EndProject
Project("{2150E333-8FDC-42A3-9474-1A3956D46DE8}") = "Shared", "Shared", "{0B4F8FD5-CA38-410F-849C-2241C0639564}"
EndProject
Project("{9A19103F-16F7-4668-BE54-9A1E7A4F7556}") = "FreeCourse.Shared", "Shared\FreeCourse.Shared\FreeCourse.Shared.csproj", "{8590DE5E-A8EA-40C1-9F4F-15D1D0DE6390}"
EndProject
Project("{2150E333-8FDC-42A3-9474-1A3956D46DE8}") = "IdentityServer", "IdentityServer", "{55202C5A-67F6-4890-8553-630678EFD9F4}"
EndProject
Project("{9A19103F-16F7-4668-BE54-9A1E7A4F7556}") = "FreeCourse.IdentityServer", "IdentityServer\FreeCourse.IdentityServer\FreeCourse.IdentityServer.csproj", "{CEC538D1-640F-4F56-835C-5CF0E922556C}"
EndProject
Project("{2150E333-8FDC-42A3-9474-1A3956D46DE8}") = "PhotoStock", "PhotoStock", "{A418F6AA-C2D7-446E-AB5A-A5BA58369CC6}"
EndProject
Project("{9A19103F-16F7-4668-BE54-9A1E7A4F7556}") = "FreeStock.Services.PhotoStock", "Services\PhotoStock\FreeStock.Services.PhotoStock\FreeStock.Services.PhotoStock.csproj", "{DB3FAE09-F17D-49A5-B63D-894903D8D5CE}"
EndProject
Project("{2150E333-8FDC-42A3-9474-1A3956D46DE8}") = "Basket", "Basket", "{23ED71CF-A909-448F-B809-1934DFEBCD01}"
EndProject
Project("{9A19103F-16F7-4668-BE54-9A1E7A4F7556}") = "FreeCourse.Services.Basket", "Services\Basket\FreeCourse.Services.Basket\FreeCourse.Services.Basket.csproj", "{BCB37E9C-2EB3-4524-AC6D-A54CB2241017}"
EndProject
Project("{2150E333-8FDC-42A3-9474-1A3956D46DE8}") = "Discount", "Discount", "{C6A5DA47-14B2-48DA-BE85-6DFCDA853827}"
EndProject
Project("{9A19103F-16F7-4668-BE54-9A1E7A4F7556}") = "FreeCourse.Services.Discount", "Services\Discount\FreeCourse.Services.Discount\FreeCourse.Services.Discount.csproj", "{3CBDF3C4-B1B5-46EE-8885-9D03E199A45E}"
EndProject
Project("{2150E333-8FDC-42A3-9474-1A3956D46DE8}") = "Order", "Order", "{83C67C8D-DF71-4B15-A589-603C15C9ACC8}"
EndProject
Project("{9A19103F-16F7-4668-BE54-9A1E7A4F7556}") = "FreeCourse.Services.Order.API", "Services\Order\FreeCourse.Services.Order.API\FreeCourse.Services.Order.API.csproj", "{B372134B-1E6F-4867-B804-E404CA5C67EE}"
EndProject
Project("{9A19103F-16F7-4668-BE54-9A1E7A4F7556}") = "FreeCourse.Services.Order.Application", "Services\Order\FreeCourse.Services.Order.Application\FreeCourse.Services.Order.Application.csproj", "{D915184D-6477-439F-ABF1-E6851F9B794E}"
EndProject
Project("{9A19103F-16F7-4668-BE54-9A1E7A4F7556}") = "FreeCourse.Services.Order.Domain", "Services\Order\FreeCourse.Services.Order.Domain\FreeCourse.Services.Order.Domain.csproj", "{B3A374E9-5108-49E5-A07B-869085949CA1}"
EndProject
Project("{9A19103F-16F7-4668-BE54-9A1E7A4F7556}") = "FreeCourse.Services.Order.Domain.Core", "Services\Order\FreeCourse.Services.Order.Domain.Core\FreeCourse.Services.Order.Domain.Core.csproj", "{5DB5CF4F-68F6-4344-9929-AC22B6E56335}"
EndProject
Project("{9A19103F-16F7-4668-BE54-9A1E7A4F7556}") = "FreeCourse.Services.Order.Infrastructure", "Services\Order\FreeCourse.Services.Order.Infrastructure\FreeCourse.Services.Order.Infrastructure.csproj", "{B92C7DEE-08C2-4171-A8AC-7B027053D168}"
EndProject
Project("{2150E333-8FDC-42A3-9474-1A3956D46DE8}") = "FakePayment", "FakePayment", "{2633DA50-2337-49F6-8482-D6B3C45B279B}"
EndProject
Project("{9A19103F-16F7-4668-BE54-9A1E7A4F7556}") = "FreeCourse.Services.FakePayment", "Services\FakePayment\FreeCourse.Services.FakePayment\FreeCourse.Services.FakePayment.csproj", "{A9866D38-110C-4B5B-B759-C4D06C7C6F44}"
EndProject
Project("{2150E333-8FDC-42A3-9474-1A3956D46DE8}") = "Gateways", "Gateways", "{F9362497-3517-4D3A-B4D0-1A17432D11F4}"
EndProject
Project("{FAE04EC0-301F-11D3-BF4B-00C04F79EFBC}") = "FreeCourse.Gateway", "FreeCourse.Gateway\FreeCourse.Gateway.csproj", "{A047DCA1-AAB9-449F-B8D3-08E7EC9335E9}"
EndProject
Project("{2150E333-8FDC-42A3-9474-1A3956D46DE8}") = "Frontends", "Frontends", "{FA726456-2914-42E0-A972-D238AD42D774}"
EndProject
Project("{FAE04EC0-301F-11D3-BF4B-00C04F79EFBC}") = "FreeCourse.Web", "Frontends\FreeCourse.Web\FreeCourse.Web.csproj", "{2323D693-E44C-44F4-BFB1-0AB1A1EEE299}"
EndProject
Global
	GlobalSection(SolutionConfigurationPlatforms) = preSolution
		Debug|Any CPU = Debug|Any CPU
		Release|Any CPU = Release|Any CPU
	EndGlobalSection
	GlobalSection(ProjectConfigurationPlatforms) = postSolution
		{B40F9541-D661-42BF-99E0-3EDD0522D978}.Debug|Any CPU.ActiveCfg = Debug|Any CPU
		{B40F9541-D661-42BF-99E0-3EDD0522D978}.Debug|Any CPU.Build.0 = Debug|Any CPU
		{B40F9541-D661-42BF-99E0-3EDD0522D978}.Release|Any CPU.ActiveCfg = Release|Any CPU
		{B40F9541-D661-42BF-99E0-3EDD0522D978}.Release|Any CPU.Build.0 = Release|Any CPU
		{8590DE5E-A8EA-40C1-9F4F-15D1D0DE6390}.Debug|Any CPU.ActiveCfg = Debug|Any CPU
		{8590DE5E-A8EA-40C1-9F4F-15D1D0DE6390}.Debug|Any CPU.Build.0 = Debug|Any CPU
		{8590DE5E-A8EA-40C1-9F4F-15D1D0DE6390}.Release|Any CPU.ActiveCfg = Release|Any CPU
		{8590DE5E-A8EA-40C1-9F4F-15D1D0DE6390}.Release|Any CPU.Build.0 = Release|Any CPU
		{CEC538D1-640F-4F56-835C-5CF0E922556C}.Debug|Any CPU.ActiveCfg = Debug|Any CPU
		{CEC538D1-640F-4F56-835C-5CF0E922556C}.Debug|Any CPU.Build.0 = Debug|Any CPU
		{CEC538D1-640F-4F56-835C-5CF0E922556C}.Release|Any CPU.ActiveCfg = Release|Any CPU
		{CEC538D1-640F-4F56-835C-5CF0E922556C}.Release|Any CPU.Build.0 = Release|Any CPU
		{DB3FAE09-F17D-49A5-B63D-894903D8D5CE}.Debug|Any CPU.ActiveCfg = Debug|Any CPU
		{DB3FAE09-F17D-49A5-B63D-894903D8D5CE}.Debug|Any CPU.Build.0 = Debug|Any CPU
		{DB3FAE09-F17D-49A5-B63D-894903D8D5CE}.Release|Any CPU.ActiveCfg = Release|Any CPU
		{DB3FAE09-F17D-49A5-B63D-894903D8D5CE}.Release|Any CPU.Build.0 = Release|Any CPU
		{BCB37E9C-2EB3-4524-AC6D-A54CB2241017}.Debug|Any CPU.ActiveCfg = Debug|Any CPU
		{BCB37E9C-2EB3-4524-AC6D-A54CB2241017}.Debug|Any CPU.Build.0 = Debug|Any CPU
		{BCB37E9C-2EB3-4524-AC6D-A54CB2241017}.Release|Any CPU.ActiveCfg = Release|Any CPU
		{BCB37E9C-2EB3-4524-AC6D-A54CB2241017}.Release|Any CPU.Build.0 = Release|Any CPU
		{3CBDF3C4-B1B5-46EE-8885-9D03E199A45E}.Debug|Any CPU.ActiveCfg = Debug|Any CPU
		{3CBDF3C4-B1B5-46EE-8885-9D03E199A45E}.Debug|Any CPU.Build.0 = Debug|Any CPU
		{3CBDF3C4-B1B5-46EE-8885-9D03E199A45E}.Release|Any CPU.ActiveCfg = Release|Any CPU
		{3CBDF3C4-B1B5-46EE-8885-9D03E199A45E}.Release|Any CPU.Build.0 = Release|Any CPU
		{B372134B-1E6F-4867-B804-E404CA5C67EE}.Debug|Any CPU.ActiveCfg = Debug|Any CPU
		{B372134B-1E6F-4867-B804-E404CA5C67EE}.Debug|Any CPU.Build.0 = Debug|Any CPU
		{B372134B-1E6F-4867-B804-E404CA5C67EE}.Release|Any CPU.ActiveCfg = Release|Any CPU
		{B372134B-1E6F-4867-B804-E404CA5C67EE}.Release|Any CPU.Build.0 = Release|Any CPU
		{D915184D-6477-439F-ABF1-E6851F9B794E}.Debug|Any CPU.ActiveCfg = Debug|Any CPU
		{D915184D-6477-439F-ABF1-E6851F9B794E}.Debug|Any CPU.Build.0 = Debug|Any CPU
		{D915184D-6477-439F-ABF1-E6851F9B794E}.Release|Any CPU.ActiveCfg = Release|Any CPU
		{D915184D-6477-439F-ABF1-E6851F9B794E}.Release|Any CPU.Build.0 = Release|Any CPU
		{B3A374E9-5108-49E5-A07B-869085949CA1}.Debug|Any CPU.ActiveCfg = Debug|Any CPU
		{B3A374E9-5108-49E5-A07B-869085949CA1}.Debug|Any CPU.Build.0 = Debug|Any CPU
		{B3A374E9-5108-49E5-A07B-869085949CA1}.Release|Any CPU.ActiveCfg = Release|Any CPU
		{B3A374E9-5108-49E5-A07B-869085949CA1}.Release|Any CPU.Build.0 = Release|Any CPU
		{5DB5CF4F-68F6-4344-9929-AC22B6E56335}.Debug|Any CPU.ActiveCfg = Debug|Any CPU
		{5DB5CF4F-68F6-4344-9929-AC22B6E56335}.Debug|Any CPU.Build.0 = Debug|Any CPU
		{5DB5CF4F-68F6-4344-9929-AC22B6E56335}.Release|Any CPU.ActiveCfg = Release|Any CPU
		{5DB5CF4F-68F6-4344-9929-AC22B6E56335}.Release|Any CPU.Build.0 = Release|Any CPU
		{B92C7DEE-08C2-4171-A8AC-7B027053D168}.Debug|Any CPU.ActiveCfg = Debug|Any CPU
		{B92C7DEE-08C2-4171-A8AC-7B027053D168}.Debug|Any CPU.Build.0 = Debug|Any CPU
		{B92C7DEE-08C2-4171-A8AC-7B027053D168}.Release|Any CPU.ActiveCfg = Release|Any CPU
		{B92C7DEE-08C2-4171-A8AC-7B027053D168}.Release|Any CPU.Build.0 = Release|Any CPU
		{A9866D38-110C-4B5B-B759-C4D06C7C6F44}.Debug|Any CPU.ActiveCfg = Debug|Any CPU
		{A9866D38-110C-4B5B-B759-C4D06C7C6F44}.Debug|Any CPU.Build.0 = Debug|Any CPU
		{A9866D38-110C-4B5B-B759-C4D06C7C6F44}.Release|Any CPU.ActiveCfg = Release|Any CPU
		{A9866D38-110C-4B5B-B759-C4D06C7C6F44}.Release|Any CPU.Build.0 = Release|Any CPU
		{A047DCA1-AAB9-449F-B8D3-08E7EC9335E9}.Debug|Any CPU.ActiveCfg = Debug|Any CPU
		{A047DCA1-AAB9-449F-B8D3-08E7EC9335E9}.Debug|Any CPU.Build.0 = Debug|Any CPU
		{A047DCA1-AAB9-449F-B8D3-08E7EC9335E9}.Release|Any CPU.ActiveCfg = Release|Any CPU
		{A047DCA1-AAB9-449F-B8D3-08E7EC9335E9}.Release|Any CPU.Build.0 = Release|Any CPU
		{2323D693-E44C-44F4-BFB1-0AB1A1EEE299}.Debug|Any CPU.ActiveCfg = Debug|Any CPU
		{2323D693-E44C-44F4-BFB1-0AB1A1EEE299}.Debug|Any CPU.Build.0 = Debug|Any CPU
		{2323D693-E44C-44F4-BFB1-0AB1A1EEE299}.Release|Any CPU.ActiveCfg = Release|Any CPU
		{2323D693-E44C-44F4-BFB1-0AB1A1EEE299}.Release|Any CPU.Build.0 = Release|Any CPU
	EndGlobalSection
	GlobalSection(SolutionProperties) = preSolution
		HideSolutionNode = FALSE
	EndGlobalSection
	GlobalSection(NestedProjects) = preSolution
		{124DB104-ACCB-4727-9733-18FFCE570F45} = {7B63567E-CB62-4AA9-9B1A-E98410120F1C}
		{B40F9541-D661-42BF-99E0-3EDD0522D978} = {124DB104-ACCB-4727-9733-18FFCE570F45}
		{8590DE5E-A8EA-40C1-9F4F-15D1D0DE6390} = {0B4F8FD5-CA38-410F-849C-2241C0639564}
		{CEC538D1-640F-4F56-835C-5CF0E922556C} = {55202C5A-67F6-4890-8553-630678EFD9F4}
		{A418F6AA-C2D7-446E-AB5A-A5BA58369CC6} = {7B63567E-CB62-4AA9-9B1A-E98410120F1C}
		{DB3FAE09-F17D-49A5-B63D-894903D8D5CE} = {A418F6AA-C2D7-446E-AB5A-A5BA58369CC6}
		{23ED71CF-A909-448F-B809-1934DFEBCD01} = {7B63567E-CB62-4AA9-9B1A-E98410120F1C}
		{BCB37E9C-2EB3-4524-AC6D-A54CB2241017} = {23ED71CF-A909-448F-B809-1934DFEBCD01}
		{C6A5DA47-14B2-48DA-BE85-6DFCDA853827} = {7B63567E-CB62-4AA9-9B1A-E98410120F1C}
		{3CBDF3C4-B1B5-46EE-8885-9D03E199A45E} = {C6A5DA47-14B2-48DA-BE85-6DFCDA853827}
		{83C67C8D-DF71-4B15-A589-603C15C9ACC8} = {7B63567E-CB62-4AA9-9B1A-E98410120F1C}
		{B372134B-1E6F-4867-B804-E404CA5C67EE} = {83C67C8D-DF71-4B15-A589-603C15C9ACC8}
		{D915184D-6477-439F-ABF1-E6851F9B794E} = {83C67C8D-DF71-4B15-A589-603C15C9ACC8}
		{B3A374E9-5108-49E5-A07B-869085949CA1} = {83C67C8D-DF71-4B15-A589-603C15C9ACC8}
		{5DB5CF4F-68F6-4344-9929-AC22B6E56335} = {83C67C8D-DF71-4B15-A589-603C15C9ACC8}
		{B92C7DEE-08C2-4171-A8AC-7B027053D168} = {83C67C8D-DF71-4B15-A589-603C15C9ACC8}
		{2633DA50-2337-49F6-8482-D6B3C45B279B} = {7B63567E-CB62-4AA9-9B1A-E98410120F1C}
		{A9866D38-110C-4B5B-B759-C4D06C7C6F44} = {2633DA50-2337-49F6-8482-D6B3C45B279B}
		{A047DCA1-AAB9-449F-B8D3-08E7EC9335E9} = {F9362497-3517-4D3A-B4D0-1A17432D11F4}
		{2323D693-E44C-44F4-BFB1-0AB1A1EEE299} = {FA726456-2914-42E0-A972-D238AD42D774}
	EndGlobalSection
	GlobalSection(ExtensibilityGlobals) = postSolution
		SolutionGuid = {9AF92960-0A6C-4EEA-BD3C-63016F50CFC7}
	EndGlobalSection
EndGlobal
